
Microsoft Visual Studio Solution File, Format Version 12.00
# Visual Studio 15
VisualStudioVersion = 15.0.27703.2047
MinimumVisualStudioVersion = 10.0.40219.1
Project("{FAE04EC0-301F-11D3-BF4B-00C04F79EFBC}") = "Lab14", "Lab14\Lab14.csproj", "{EC86D74E-CE49-4599-B3B8-792B0FFC2203}"
EndProject
Global
	GlobalSection(SolutionConfigurationPlatforms) = preSolution
		Debug|Any CPU = Debug|Any CPU
		Release|Any CPU = Release|Any CPU
	EndGlobalSection
	GlobalSection(ProjectConfigurationPlatforms) = postSolution
		{EC86D74E-CE49-4599-B3B8-792B0FFC2203}.Debug|Any CPU.ActiveCfg = Debug|Any CPU
		{EC86D74E-CE49-4599-B3B8-792B0FFC2203}.Debug|Any CPU.Build.0 = Debug|Any CPU
		{EC86D74E-CE49-4599-B3B8-792B0FFC2203}.Release|Any CPU.ActiveCfg = Release|Any CPU
		{EC86D74E-CE49-4599-B3B8-792B0FFC2203}.Release|Any CPU.Build.0 = Release|Any CPU
	EndGlobalSection
	GlobalSection(SolutionProperties) = preSolution
		HideSolutionNode = FALSE
	EndGlobalSection
	GlobalSection(ExtensibilityGlobals) = postSolution
		SolutionGuid = {C2CFC9CB-DB9F-4012-966D-1CC9BD78FBD5}
	EndGlobalSection
EndGlobal
