
Microsoft Visual Studio Solution File, Format Version 12.00
# Visual Studio 15
VisualStudioVersion = 15.0.27703.2047
MinimumVisualStudioVersion = 10.0.40219.1
Project("{FAE04EC0-301F-11D3-BF4B-00C04F79EFBC}") = "Ex1", "Ex1\Ex1.csproj", "{EEC925AF-D9B3-4915-89C2-A6A84CF9BF60}"
EndProject
Global
	GlobalSection(SolutionConfigurationPlatforms) = preSolution
		Debug|Any CPU = Debug|Any CPU
		Release|Any CPU = Release|Any CPU
	EndGlobalSection
	GlobalSection(ProjectConfigurationPlatforms) = postSolution
		{EEC925AF-D9B3-4915-89C2-A6A84CF9BF60}.Debug|Any CPU.ActiveCfg = Debug|Any CPU
		{EEC925AF-D9B3-4915-89C2-A6A84CF9BF60}.Debug|Any CPU.Build.0 = Debug|Any CPU
		{EEC925AF-D9B3-4915-89C2-A6A84CF9BF60}.Release|Any CPU.ActiveCfg = Release|Any CPU
		{EEC925AF-D9B3-4915-89C2-A6A84CF9BF60}.Release|Any CPU.Build.0 = Release|Any CPU
	EndGlobalSection
	GlobalSection(SolutionProperties) = preSolution
		HideSolutionNode = FALSE
	EndGlobalSection
	GlobalSection(ExtensibilityGlobals) = postSolution
		SolutionGuid = {B559BF32-A486-42CB-91F3-51C0F04B88DC}
	EndGlobalSection
EndGlobal
